{
    "_meta": {
        "hash": {
            "sha256": "5d1d8ffb672bfb1e4482d5c89afe3108a2c67d6d12e4fd9e5b81dce8059d68fe"
        },
        "pipfile-spec": 6,
        "requires": {
            "python_version": "3.9"
        },
        "sources": [
            {
                "name": "pypi",
                "url": "https://pypi.org/simple",
                "verify_ssl": true
            }
        ]
    },
    "default": {
        "certifi": {
            "hashes": [
                "sha256:2bbf76fd432960138b3ef6dda3dde0544f27cbf8546c458e60baf371917ba9ee",
                "sha256:50b1e4f8446b06f41be7dd6338db18e0990601dce795c2b1686458aa7e8fa7d8"
            ],
            "version": "==2021.5.30"
        },
        "charset-normalizer": {
            "hashes": [
                "sha256:0c8911edd15d19223366a194a513099a302055a962bca2cec0f54b8b63175d8b",
                "sha256:f23667ebe1084be45f6ae0538e4a5a865206544097e4e8bbcacf42cd02a348f3"
            ],
            "markers": "python_version >= '3'",
            "version": "==2.0.4"
        },
        "idna": {
            "hashes": [
                "sha256:14475042e284991034cb48e06f6851428fb14c4dc953acd9be9a5e95c7b6dd7a",
                "sha256:467fbad99067910785144ce333826c71fb0e63a425657295239737f7ecd125f3"
            ],
            "markers": "python_version >= '3'",
            "version": "==3.2"
        },
        "python-snappy": {
            "hashes": [
                "sha256:0094411996b5c4e621fc44f8b733ba3594e4cb621374905fe9b64a9c98d6503d",
                "sha256:0439b4850eb36157d85ee348649f074654ef919794653a143acb1cb02c977e3a",
                "sha256:052b89ce69fd69af0bb6759450ae769807710fc97e92b5dbafc55c12231b7374",
                "sha256:0cf6ff9006a9a68b6b7de0bedf815c6e7211b978d5f84b95e875c016e85e1645",
                "sha256:0d0089ba7d07bb96667a0925c341d47562236d07377ed80aa5748b5993397ebc",
                "sha256:131edc7701d3def8b72ef6cd61ab491d9efd7b92976dbababb424d74b9c7b180",
                "sha256:168a98d3f597b633cfeeae7fe1c78a8dfd81f018b866cf7ce9e4c56086af891a",
                "sha256:16bd1aaff4c738eff6ab953467c51a2bfd8679a0c033aa5d8a17da5822646037",
                "sha256:186755897c002a78cac75e7b943849fba52f18819c86c83d2bf8bf617a9fd04d",
                "sha256:19a96759c8fc695986b691357bb2624bbc5190a2eb1839fb923fbc5aeec46a8f",
                "sha256:1ddc688d2164f3b99f1c7caf1cf137d70af201fe97fd727c5dbe7ec92ac0f1e6",
                "sha256:217745ade5ecb95db9ff029de9f8574d9e9847943a8f4aec6c44ae21567b34d7",
                "sha256:2354d255f7bd0bb2fbca6422a866c3adf93ff739a67f5cee1111db1e1796fac3",
                "sha256:2ee33fb4115c03037297b852da05be4af5106aaa89cee48393edcab784a3e2b7",
                "sha256:2efb42b0fcfa77c361a13951393b33cca60c02144b857e919d26aa0778c44994",
                "sha256:317059e6432bf9f58b48c566891fe2c552048241365ec2b7259db9e7908dd605",
                "sha256:36017d60beaab06eee3f197f685f5bc44801e7847753848b66d2beef73ed4e62",
                "sha256:4e79fa210e839b783d9e3ae71e1d68fe9cd319a258a74545221b340bada186f8",
                "sha256:55534761c2cd67cb5daae0adf96cf70cfa927365ce1dd8754b7f2e5580207c22",
                "sha256:57ba1052560edf457e776ed31104e3aec6137e0946e2d3f9485c814546101ac1",
                "sha256:5972dea9ead8a6bd5fa26b839e811a19977d1de446d1086ad2de6b0f95cba0d4",
                "sha256:5abe02e95f8001b99ac7f283ef86162d9cf12bc2cb1dc8b6fb39195ac10393df",
                "sha256:5c06962e2675bcb8667c9c0325f9ca73b2bc2f1f49ff90b52fca2dbb996d1d65",
                "sha256:615098b7f77bfd8373cedbd51bbafa8f11524299a2c9daa85b377f6f276b4186",
                "sha256:65be516490973f57c16962cdd511db56813fa5bcb96c627726580aa5cb967507",
                "sha256:6a6b6311af0941151008f5c07f8ff906e27f3cbc2960c79f5c26c95ad21fa873",
                "sha256:6ba085292a44e3f485d2831cb782204a83c990acace602aaef1fc6c2c69a3a5d",
                "sha256:70bb314e9bbbe072e094d5efde42f1e8fac64f1711acc89356c5d9851fc360cf",
                "sha256:71472441b63c0d5afbb9b81a19c0dafbaf073d8ab1bbfc70450ec81d3c4b86dc",
                "sha256:738fb370d0dd6bca71b0d5402f001602e859ffd8c5dcd7bc8493ef49d0e44297",
                "sha256:7b785a5c3163c5b0d41dedb0795e973eea32ba3b336b412b3123ec45e8bbd73a",
                "sha256:7cf48fb7bb598906c595ae90b502a1801e85540d7b7bcbba7faeb46534beec5a",
                "sha256:7e6d700b1f9be03e53c35a15b5bb51c473327d321632b64ecdab71542078ac2d",
                "sha256:7ef899f2704784032a1f020e983b29ef5c519203ffd0d5a17ff5e1f751b8dba6",
                "sha256:80e361065b87b5b65413cf45f2c9040fb85ed5329c1bccfbceca18ebee02a927",
                "sha256:87f5994aef0a1f1fde01904421106c9006015d97e7b13aa72998f5a942093603",
                "sha256:8b392483ece13646514262900e65296c01d671453cc417e045e2970f4855decd",
                "sha256:8d29b136799a3e059d22e37a3c80046e39d50baf1b0e973feb9450fbd7772fce",
                "sha256:9022e25a33ecadad1e5ff0cd1c6c60832ba3b4633b1a4d30e107b2a1bfad502d",
                "sha256:90537df2ba4a6da52ca55ab888d4d2ee410a3c4365d70bb4a2530d77afa992d6",
                "sha256:90fea26840e6b163b735d32c3497aa82cfe7b590ec840f25bbaa091f9ba2324f",
                "sha256:95be50dd65e6a46570642645ea2bbcd62bce5a58e822319b15dbdedfcd9fa717",
                "sha256:a2fae9ac351106b27f9506f34a3e9970d596fb0906b752c6fdc2e46596070ffe",
                "sha256:a3414e310ebed867709cfd903dd70ca5359491b3513dee97c64dc7306e526d66",
                "sha256:a515d6ec630822d43e79c77abfd1a80b1b4b00ba7b366d4e1f100cd853508e0a",
                "sha256:a5bf7a01b82ea3bbc7b1bd1e5060c9602ea664c8ffc31140fc9becc2fa175c4c",
                "sha256:ae88dabe6ab63446f4a15b3ed206e0fc5c9de609d81d8d41b7dc083618ffd4fb",
                "sha256:af47c221ec28eb46d35b6875b1c9119b525c0fc2f36e0eb246af942c03d3066a",
                "sha256:b4f25808d7d98954e51a581970e9968e23d6019d6aca9d9abc809e8b0a25a3a7",
                "sha256:c00c6224881bed690e547fc9712831a955fc97064f211f888b00fe6df1501e98",
                "sha256:c238ab412aeacce3fc82a322a3a4f12b99bc9d456112e213a3e85bff594f64e6",
                "sha256:cdfb9378eb00aca697f4539f4e14f61f2ccf984ee8c5496bf474795df372fade",
                "sha256:d1ec57f0f91e76d9fa2bc3e2a0473c91d6feca6541ce41fac38d4581950ce31a",
                "sha256:d4505e1b555ba6d42f691d78575c1c9ecd99045929f0a601192258b699d4dee4",
                "sha256:d64c7eefdef56a70d47c2a73955d2116d4ee64865313b488d6a64cfeb5ba5600",
                "sha256:d65f6c3e5539d657b5914d28f2ea7f8f4aa86b333a4a7cdd9fdc34f7fe5be33a",
                "sha256:d731cee6fae8904626b1af1edf56bd16d4c8e709afddc96bee785dd3345d209b",
                "sha256:d8cacada9824eafc8306fdd5f73ff57348c56f113e5676b86c29f92a71b6595f",
                "sha256:d9684a7ffb6e65313b92c2ec1934033c91d9fe8265c6cdd87412cf057d0066a5",
                "sha256:d9e97db64de3b6e58e26720b313c17bec701d38f393cf1576a06105f9dcdc2e8",
                "sha256:dc09e1a07895e4b5ec77fd83445ce835d9f2f4446967acbc4de2dc72e5bbae4a",
                "sha256:e17b56d64d86f519f5da1e64d5149ac93a6f093dc9338cd3e4066f51937c4c5c",
                "sha256:e3b9d50f0e7fe89cc94a51f540d6085f483317556dfe8aa96a16d6f8f247f76a",
                "sha256:f1ef8efafef0cc0f81f36e709b30088004a163612a8c1bbddb7b007bfb1900ff",
                "sha256:f200c606e9302c992f831d504a83aa37f3f84b48215e454b44adff601a2705ea",
                "sha256:f34008c8ec08c193a44ad5aa12a59bee768e32f33117c806562feda22a3397bd",
                "sha256:f722f3fde021da707074f3b834fa2b89e3ebdc3766177c7f77e2055cc36ec2a3",
                "sha256:f90fa653530d7a989e79580b9f5e804e8d6733c6f0d76535facf56d1e30492b5",
                "sha256:fd88b7b254d67fde2d8f3539e9ff6d8170573e546a0d430c629b2eb64fd35f37",
                "sha256:fe85cbf99291c2eb66b7d7f4a15dd1e1203ffd96d4c87b32408e3a23b8c894e5"
            ],
            "index": "pypi",
            "version": "==0.6.0"
        },
        "requests": {
            "hashes": [
                "sha256:6c1246513ecd5ecd4528a0906f910e8f0f9c6b8ec72030dc9fd154dc1a6efd24",
                "sha256:b8aa58f8cf793ffd8782d3d8cb19e66ef36f7aba4353eec859e74678b01b07a7"
            ],
            "index": "pypi",
            "version": "==2.26.0"
        },
        "urllib3": {
            "hashes": [
                "sha256:39fb8672126159acb139a7718dd10806104dec1e2f0f6c88aab05d17df10c8d4",
                "sha256:f57b4c16c62fa2760b7e3d97c35b255512fb6b59a259730f36ba32ce9f8e342f"
            ],
            "markers": "python_version >= '2.7' and python_version not in '3.0, 3.1, 3.2, 3.3, 3.4' and python_version < '4'",
            "version": "==1.26.6"
        }
    },
    "develop": {
        "astroid": {
            "hashes": [
                "sha256:3b680ce0419b8a771aba6190139a3998d14b413852506d99aff8dc2bf65ee67c",
                "sha256:dc1e8b28427d6bbef6b8842b18765ab58f558c42bb80540bd7648c98412af25e"
            ],
            "markers": "python_version ~= '3.6'",
            "version": "==2.7.3"
        },
        "autopep8": {
            "hashes": [
                "sha256:276ced7e9e3cb22e5d7c14748384a5cf5d9002257c0ed50c0e075b68011bb6d0",
                "sha256:aa213493c30dcdac99537249ee65b24af0b2c29f2e83cd8b3f68760441ed0db9"
            ],
            "index": "pypi",
            "version": "==1.5.7"
        },
        "cffi": {
            "hashes": [
                "sha256:06c54a68935738d206570b20da5ef2b6b6d92b38ef3ec45c5422c0ebaf338d4d",
                "sha256:0c0591bee64e438883b0c92a7bed78f6290d40bf02e54c5bf0978eaf36061771",
                "sha256:19ca0dbdeda3b2615421d54bef8985f72af6e0c47082a8d26122adac81a95872",
                "sha256:22b9c3c320171c108e903d61a3723b51e37aaa8c81255b5e7ce102775bd01e2c",
                "sha256:26bb2549b72708c833f5abe62b756176022a7b9a7f689b571e74c8478ead51dc",
                "sha256:33791e8a2dc2953f28b8d8d300dde42dd929ac28f974c4b4c6272cb2955cb762",
                "sha256:3c8d896becff2fa653dc4438b54a5a25a971d1f4110b32bd3068db3722c80202",
                "sha256:4373612d59c404baeb7cbd788a18b2b2a8331abcc84c3ba40051fcd18b17a4d5",
                "sha256:487d63e1454627c8e47dd230025780e91869cfba4c753a74fda196a1f6ad6548",
                "sha256:48916e459c54c4a70e52745639f1db524542140433599e13911b2f329834276a",
                "sha256:4922cd707b25e623b902c86188aca466d3620892db76c0bdd7b99a3d5e61d35f",
                "sha256:55af55e32ae468e9946f741a5d51f9896da6b9bf0bbdd326843fec05c730eb20",
                "sha256:57e555a9feb4a8460415f1aac331a2dc833b1115284f7ded7278b54afc5bd218",
                "sha256:5d4b68e216fc65e9fe4f524c177b54964af043dde734807586cf5435af84045c",
                "sha256:64fda793737bc4037521d4899be780534b9aea552eb673b9833b01f945904c2e",
                "sha256:6d6169cb3c6c2ad50db5b868db6491a790300ade1ed5d1da29289d73bbe40b56",
                "sha256:7bcac9a2b4fdbed2c16fa5681356d7121ecabf041f18d97ed5b8e0dd38a80224",
                "sha256:80b06212075346b5546b0417b9f2bf467fea3bfe7352f781ffc05a8ab24ba14a",
                "sha256:818014c754cd3dba7229c0f5884396264d51ffb87ec86e927ef0be140bfdb0d2",
                "sha256:8eb687582ed7cd8c4bdbff3df6c0da443eb89c3c72e6e5dcdd9c81729712791a",
                "sha256:99f27fefe34c37ba9875f224a8f36e31d744d8083e00f520f133cab79ad5e819",
                "sha256:9f3e33c28cd39d1b655ed1ba7247133b6f7fc16fa16887b120c0c670e35ce346",
                "sha256:a8661b2ce9694ca01c529bfa204dbb144b275a31685a075ce123f12331be790b",
                "sha256:a9da7010cec5a12193d1af9872a00888f396aba3dc79186604a09ea3ee7c029e",
                "sha256:aedb15f0a5a5949ecb129a82b72b19df97bbbca024081ed2ef88bd5c0a610534",
                "sha256:b315d709717a99f4b27b59b021e6207c64620790ca3e0bde636a6c7f14618abb",
                "sha256:ba6f2b3f452e150945d58f4badd92310449876c4c954836cfb1803bdd7b422f0",
                "sha256:c33d18eb6e6bc36f09d793c0dc58b0211fccc6ae5149b808da4a62660678b156",
                "sha256:c9a875ce9d7fe32887784274dd533c57909b7b1dcadcc128a2ac21331a9765dd",
                "sha256:c9e005e9bd57bc987764c32a1bee4364c44fdc11a3cc20a40b93b444984f2b87",
                "sha256:d2ad4d668a5c0645d281dcd17aff2be3212bc109b33814bbb15c4939f44181cc",
                "sha256:d950695ae4381ecd856bcaf2b1e866720e4ab9a1498cba61c602e56630ca7195",
                "sha256:e22dcb48709fc51a7b58a927391b23ab37eb3737a98ac4338e2448bef8559b33",
                "sha256:e8c6a99be100371dbb046880e7a282152aa5d6127ae01783e37662ef73850d8f",
                "sha256:e9dc245e3ac69c92ee4c167fbdd7428ec1956d4e754223124991ef29eb57a09d",
                "sha256:eb687a11f0a7a1839719edd80f41e459cc5366857ecbed383ff376c4e3cc6afd",
                "sha256:eb9e2a346c5238a30a746893f23a9535e700f8192a68c07c0258e7ece6ff3728",
                "sha256:ed38b924ce794e505647f7c331b22a693bee1538fdf46b0222c4717b42f744e7",
                "sha256:f0010c6f9d1a4011e429109fda55a225921e3206e7f62a0c22a35344bfd13cca",
                "sha256:f0c5d1acbfca6ebdd6b1e3eded8d261affb6ddcf2186205518f1428b8569bb99",
                "sha256:f10afb1004f102c7868ebfe91c28f4a712227fe4cb24974350ace1f90e1febbf",
                "sha256:f174135f5609428cc6e1b9090f9268f5c8935fddb1b25ccb8255a2d50de6789e",
                "sha256:f3ebe6e73c319340830a9b2825d32eb6d8475c1dac020b4f0aa774ee3b898d1c",
                "sha256:f627688813d0a4140153ff532537fbe4afea5a3dffce1f9deb7f91f848a832b5",
                "sha256:fd4305f86f53dfd8cd3522269ed7fc34856a8ee3709a5e28b2836b2db9d4cd69"
            ],
            "version": "==1.14.6"
        },
        "cryptography": {
            "hashes": [
                "sha256:0a7dcbcd3f1913f664aca35d47c1331fce738d44ec34b7be8b9d332151b0b01e",
                "sha256:1eb7bb0df6f6f583dd8e054689def236255161ebbcf62b226454ab9ec663746b",
                "sha256:21ca464b3a4b8d8e86ba0ee5045e103a1fcfac3b39319727bc0fc58c09c6aff7",
                "sha256:34dae04a0dce5730d8eb7894eab617d8a70d0c97da76b905de9efb7128ad7085",
                "sha256:3520667fda779eb788ea00080124875be18f2d8f0848ec00733c0ec3bb8219fc",
                "sha256:3fa3a7ccf96e826affdf1a0a9432be74dc73423125c8f96a909e3835a5ef194a",
                "sha256:5b0fbfae7ff7febdb74b574055c7466da334a5371f253732d7e2e7525d570498",
                "sha256:8695456444f277af73a4877db9fc979849cd3ee74c198d04fc0776ebc3db52b9",
                "sha256:94cc5ed4ceaefcbe5bf38c8fba6a21fc1d365bb8fb826ea1688e3370b2e24a1c",
                "sha256:94fff993ee9bc1b2440d3b7243d488c6a3d9724cc2b09cdb297f6a886d040ef7",
                "sha256:9965c46c674ba8cc572bc09a03f4c649292ee73e1b683adb1ce81e82e9a6a0fb",
                "sha256:a00cf305f07b26c351d8d4e1af84ad7501eca8a342dedf24a7acb0e7b7406e14",
                "sha256:a305600e7a6b7b855cd798e00278161b681ad6e9b7eca94c721d5f588ab212af",
                "sha256:cd65b60cfe004790c795cc35f272e41a3df4631e2fb6b35aa7ac6ef2859d554e",
                "sha256:d2a6e5ef66503da51d2110edf6c403dc6b494cc0082f85db12f54e9c5d4c3ec5",
                "sha256:d9ec0e67a14f9d1d48dd87a2531009a9b251c02ea42851c060b25c782516ff06",
                "sha256:f44d141b8c4ea5eb4dbc9b3ad992d45580c1d22bf5e24363f2fbf50c2d7ae8a7"
            ],
            "index": "pypi",
            "version": "==3.4.8"
        },
        "isort": {
            "hashes": [
                "sha256:9c2ea1e62d871267b78307fe511c0838ba0da28698c5732d54e2790bf3ba9899",
                "sha256:e17d6e2b81095c9db0a03a8025a957f334d6ea30b26f9ec70805411e5c7c81f2"
            ],
            "markers": "python_version < '4.0' and python_full_version >= '3.6.1'",
            "version": "==5.9.3"
        },
        "jedi": {
            "hashes": [
                "sha256:18456d83f65f400ab0c2d3319e48520420ef43b23a086fdc05dff34132f0fb93",
                "sha256:92550a404bad8afed881a137ec9a461fed49eca661414be45059329614ed0707"
            ],
            "index": "pypi",
            "version": "==0.18.0"
        },
        "lazy-object-proxy": {
            "hashes": [
                "sha256:17e0967ba374fc24141738c69736da90e94419338fd4c7c7bef01ee26b339653",
                "sha256:1fee665d2638491f4d6e55bd483e15ef21f6c8c2095f235fef72601021e64f61",
                "sha256:22ddd618cefe54305df49e4c069fa65715be4ad0e78e8d252a33debf00f6ede2",
                "sha256:24a5045889cc2729033b3e604d496c2b6f588c754f7a62027ad4437a7ecc4837",
                "sha256:410283732af311b51b837894fa2f24f2c0039aa7f220135192b38fcc42bd43d3",
                "sha256:4732c765372bd78a2d6b2150a6e99d00a78ec963375f236979c0626b97ed8e43",
                "sha256:489000d368377571c6f982fba6497f2aa13c6d1facc40660963da62f5c379726",
                "sha256:4f60460e9f1eb632584c9685bccea152f4ac2130e299784dbaf9fae9f49891b3",
                "sha256:5743a5ab42ae40caa8421b320ebf3a998f89c85cdc8376d6b2e00bd12bd1b587",
                "sha256:85fb7608121fd5621cc4377a8961d0b32ccf84a7285b4f1d21988b2eae2868e8",
                "sha256:9698110e36e2df951c7c36b6729e96429c9c32b3331989ef19976592c5f3c77a",
                "sha256:9d397bf41caad3f489e10774667310d73cb9c4258e9aed94b9ec734b34b495fd",
                "sha256:b579f8acbf2bdd9ea200b1d5dea36abd93cabf56cf626ab9c744a432e15c815f",
                "sha256:b865b01a2e7f96db0c5d12cfea590f98d8c5ba64ad222300d93ce6ff9138bcad",
                "sha256:bf34e368e8dd976423396555078def5cfc3039ebc6fc06d1ae2c5a65eebbcde4",
                "sha256:c6938967f8528b3668622a9ed3b31d145fab161a32f5891ea7b84f6b790be05b",
                "sha256:d1c2676e3d840852a2de7c7d5d76407c772927addff8d742b9808fe0afccebdf",
                "sha256:d7124f52f3bd259f510651450e18e0fd081ed82f3c08541dffc7b94b883aa981",
                "sha256:d900d949b707778696fdf01036f58c9876a0d8bfe116e8d220cfd4b15f14e741",
                "sha256:ebfd274dcd5133e0afae738e6d9da4323c3eb021b3e13052d8cbd0e457b1256e",
                "sha256:ed361bb83436f117f9917d282a456f9e5009ea12fd6de8742d1a4752c3017e93",
                "sha256:f5144c75445ae3ca2057faac03fda5a902eff196702b0a24daf1d6ce0650514b"
            ],
            "markers": "python_version >= '2.7' and python_version not in '3.0, 3.1, 3.2, 3.3, 3.4, 3.5'",
            "version": "==1.6.0"
        },
        "mccabe": {
            "hashes": [
                "sha256:ab8a6258860da4b6677da4bd2fe5dc2c659cff31b3ee4f7f5d64e79735b80d42",
                "sha256:dd8d182285a0fe56bace7f45b5e7d1a6ebcbf524e8f3bd87eb0f125271b8831f"
            ],
            "version": "==0.6.1"
        },
        "parso": {
            "hashes": [
                "sha256:12b83492c6239ce32ff5eed6d3639d6a536170723c6f3f1506869f1ace413398",
                "sha256:a8c4922db71e4fdb90e0d0bc6e50f9b273d3397925e5e60a717e719201778d22"
            ],
            "markers": "python_version >= '3.6'",
            "version": "==0.8.2"
        },
        "platformdirs": {
            "hashes": [
                "sha256:15b056538719b1c94bdaccb29e5f81879c7f7f0f4a153f46086d155dffcd4f0f",
                "sha256:8003ac87717ae2c7ee1ea5a84a1a61e87f3fbd16eb5aadba194ea30a9019f648"
            ],
            "markers": "python_version >= '3.6'",
            "version": "==2.3.0"
        },
        "pycodestyle": {
            "hashes": [
                "sha256:514f76d918fcc0b55c6680472f0a37970994e07bbb80725808c17089be302068",
                "sha256:c389c1d06bf7904078ca03399a4816f974a1d590090fecea0c63ec26ebaf1cef"
            ],
            "markers": "python_version >= '2.7' and python_version not in '3.0, 3.1, 3.2, 3.3'",
            "version": "==2.7.0"
        },
        "pycparser": {
            "hashes": [
                "sha256:2d475327684562c3a96cc71adf7dc8c4f0565175cf86b6d7a404ff4c771f15f0",
                "sha256:7582ad22678f0fcd81102833f60ef8d0e57288b6b5fb00323d101be910e35705"
            ],
            "markers": "python_version >= '2.7' and python_version not in '3.0, 3.1, 3.2, 3.3'",
            "version": "==2.20"
        },
        "pylint": {
            "hashes": [
                "sha256:6758cce3ddbab60c52b57dcc07f0c5d779e5daf0cf50f6faacbef1d3ea62d2a1",
                "sha256:e178e96b6ba171f8ef51fbce9ca30931e6acbea4a155074d80cc081596c9e852"
            ],
            "index": "pypi",
            "version": "==2.10.2"
        },
        "rope": {
            "hashes": [
                "sha256:64e6d747532e1f5c8009ec5aae3e5523a5bcedf516f39a750d57d8ed749d90da"
            ],
            "index": "pypi",
            "version": "==0.19.0"
        },
        "toml": {
            "hashes": [
                "sha256:806143ae5bfb6a3c6e736a764057db0e6a0e05e338b5630894a5f779cabb4f9b",
                "sha256:b3bda1d108d5dd99f4a20d24d9c348e91c4db7ab1b749200bded2f839ccbe68f"
            ],
            "markers": "python_version >= '2.6' and python_version not in '3.0, 3.1, 3.2, 3.3'",
            "version": "==0.10.2"
        },
        "wrapt": {
            "hashes": [
                "sha256:b62ffa81fb85f4332a4f609cab4ac40709470da05643a082ec1eb88e6d9b97d7"
            ],
            "version": "==1.12.1"
        }
    }
}
